
Microsoft Visual Studio Solution File, Format Version 12.00
# Visual Studio Version 17
VisualStudioVersion = 17.7.34221.43
MinimumVisualStudioVersion = 10.0.40219.1
Project("{FAE04EC0-301F-11D3-BF4B-00C04F79EFBC}") = "Clinic Registration and Management System", "Clinic Registration and Management System\Clinic Registration and Management System.csproj", "{AD63D97E-D8AE-429A-B3B5-EBABE27820A9}"
EndProject
Global
	GlobalSection(SolutionConfigurationPlatforms) = preSolution
		Debug|Any CPU = Debug|Any CPU
		Release|Any CPU = Release|Any CPU
	EndGlobalSection
	GlobalSection(ProjectConfigurationPlatforms) = postSolution
		{AD63D97E-D8AE-429A-B3B5-EBABE27820A9}.Debug|Any CPU.ActiveCfg = Debug|Any CPU
		{AD63D97E-D8AE-429A-B3B5-EBABE27820A9}.Debug|Any CPU.Build.0 = Debug|Any CPU
		{AD63D97E-D8AE-429A-B3B5-EBABE27820A9}.Release|Any CPU.ActiveCfg = Release|Any CPU
		{AD63D97E-D8AE-429A-B3B5-EBABE27820A9}.Release|Any CPU.Build.0 = Release|Any CPU
	EndGlobalSection
	GlobalSection(SolutionProperties) = preSolution
		HideSolutionNode = FALSE
	EndGlobalSection
	GlobalSection(ExtensibilityGlobals) = postSolution
		SolutionGuid = {2215792A-AE35-45BE-AA9B-999C65D7720D}
	EndGlobalSection
EndGlobal
